{
  "version": 1,
  "dependencies": {
    "net9.0": {
      "BouncyCastle.Cryptography": {
        "type": "Direct",
        "requested": "[2.6.1, )",
        "resolved": "2.6.1",
        "contentHash": "vZsG2YILhthgRqO+ZVgRff4ZFKKTl0v7kqaVBLCtRvpREhfBP33pcWrdA3PRYgWuFL1RxiUFvjMUHTdBZlJcoA=="
      },
      "LibSodium.Net": {
        "type": "Direct",
        "requested": "[0.16.0-alpha, )",
        "resolved": "0.16.0-alpha",
        "contentHash": "uNW5uuT2QEu5zUSDAbNyXM/RPZjnLjMEp88uYMCkH2yr9+jX7LpZsV9JZimdIABKiHivfGqSJAXmj3Bd2tmJUQ==",
        "dependencies": {
          "System.Memory": "4.6.0",
          "libsodium": "1.0.20.1"
        }
      },
      "NetMQ": {
        "type": "Direct",
        "requested": "[4.0.2.2, )",
        "resolved": "4.0.2.2",
        "contentHash": "G2dNt5Fcv/wdZOwTkUksJBe8RUc4wJn38FTZw8UmH5tcEkPi3KM8ME8igJ1fR+1msNpEKfLzEfgJOA6RpOE1jA==",
        "dependencies": {
          "AsyncIO": "0.1.69",
          "NaCl.Net": "0.1.13",
          "System.ServiceModel.Primitives": "8.1.2"
        }
      },
      "NSec.Cryptography": {
        "type": "Direct",
        "requested": "[25.4.0, )",
        "resolved": "25.4.0",
        "contentHash": "Z3wPpG0xefMLmhn9T+Ka/EzAmMQPT0THL/5E4lf9cXI/N9rbGH0G23ZFpRcPnD0ast2k7ieG6QSVNIjmfPCXBQ==",
        "dependencies": {
          "libsodium": "[1.0.20.1, 1.0.21)"
        }
      },
      "System.CommandLine": {
        "type": "Direct",
        "requested": "[2.0.0-beta4.22272.1, )",
        "resolved": "2.0.0-beta4.22272.1",
        "contentHash": "1uqED/q2H0kKoLJ4+hI2iPSBSEdTuhfCYADeJrAqERmiGQ2NNacYKRNEQ+gFbU4glgVyK8rxI+ZOe1onEtr/Pg=="
      },
      "System.Security.Cryptography.Xml": {
        "type": "Direct",
        "requested": "[9.0.18, )",
        "resolved": "9.0.18",
        "contentHash": "UoE37brJoIJPMds6wqDaweVrORmdM3XDPGLRU01Mg6Koh3SjgogSfz4+zDsriaEluHMRCx/Qc7yeEw7F9QMcJA==",
        "dependencies": {
          "System.Security.Cryptography.Pkcs": "9.0.18"
        }
      },
      "AsyncIO": {
        "type": "Transitive",
        "resolved": "0.1.69",
        "contentHash": "xyXJLi+wjy6AtIyWXHXJkPS0gItqVT4lg5w++7bA5YEjugYKdrFMGxCo6KUJ1yYwjriLQJ1g35LDljZs3Q90XQ=="
      },
      "libsodium": {
        "type": "Transitive",
        "resolved": "1.0.20.1",
        "contentHash": "pkiceEqJDQFHjbga3k/oPfTVX9g+GKJZ1VrkuiLhaymt9YNw1Dr7cX9hNuZuNaWcr9WD0moW55k4pMwzQ7JaZQ=="
      },
      "Microsoft.Extensions.ObjectPool": {
        "type": "Transitive",
        "resolved": "8.0.10",
        "contentHash": "u7gAG7JgxF8VSJUGPSudAcPxOt+ymJKQCSxNRxiuKV+klCQbHljQR75SilpedCTfhPWDhtUwIJpnDVtspr9nMg=="
      },
      "NaCl.Net": {
        "type": "Transitive",
        "resolved": "0.1.13",
        "contentHash": "AVg1455RQnyTy6tiessudruZHvbl70QWRPyx3og2I1Fei17LDNc7Z3DRgqN2+PsySBui/1EDP4A7adhQXydi6g=="
      },
      "System.Memory": {
        "type": "Transitive",
        "resolved": "4.6.0",
        "contentHash": "OEkbBQoklHngJ8UD8ez2AERSk2g+/qpAaSWWCBFbpH727HxDq5ydVkuncBaKcKfwRqXGWx64dS6G1SUScMsitg=="
      },
      "System.Security.Cryptography.Pkcs": {
        "type": "Transitive",
        "resolved": "9.0.18",
        "contentHash": "NKMKhUdLGNZryY9GXXTF5dXyP6S37EYXhiA2JYvwshJbd4DRq07IOS9it8Opi9atadvv5rlNkD76Mio+5Oo2aQ=="
      },
      "System.ServiceModel.Primitives": {
        "type": "Transitive",
        "resolved": "8.1.2",
        "contentHash": "xlJ07FAUSDjPL/GhvVY1/KVPWn2ce056X4nHPwqAa5rkNLiNN5rqh6VcgMUoF6J7ckwhkVJ1vVx/K/47nyyR9g==",
        "dependencies": {
          "Microsoft.Extensions.ObjectPool": "8.0.10",
          "System.Security.Cryptography.Xml": "8.0.2"
        }
      }
    }
  }
}